{
  "name": "timer-main",
  "lockfileVersion": 2,
  "requires": true,
  "packages": {
    "": {
      "dependencies": {
        "sr-scrambler": "^2.0.2"
      }
    },
    "node_modules/sr-scrambler": {
      "version": "2.0.2",
      "resolved": "https://registry.npmjs.org/sr-scrambler/-/sr-scrambler-2.0.2.tgz",
      "integrity": "sha512-msQVa3UjgwrFAGbebs70gKAPUaEX+xrPcU3CF9LRzFxqvhCEoZ+Df8LflXIJPV8x+gfJn3YHy4yO/1G/q7lJqw=="
    }
  },
  "dependencies": {
    "sr-scrambler": {
      "version": "2.0.2",
      "resolved": "https://registry.npmjs.org/sr-scrambler/-/sr-scrambler-2.0.2.tgz",
      "integrity": "sha512-msQVa3UjgwrFAGbebs70gKAPUaEX+xrPcU3CF9LRzFxqvhCEoZ+Df8LflXIJPV8x+gfJn3YHy4yO/1G/q7lJqw=="
    }
  }
}
